
Microsoft Visual Studio Solution File, Format Version 12.00
# Visual Studio 14
VisualStudioVersion = 14.0.24720.0
MinimumVisualStudioVersion = 10.0.40219.1
Project("{FAE04EC0-301F-11D3-BF4B-00C04F79EFBC}") = "SanAntonioOnlineShop", "SanAntonioOnlineShop\SanAntonioOnlineShop.csproj", "{275CA1E8-7C72-4911-9A4B-93E2DDB7EE0F}"
EndProject
Project("{FAE04EC0-301F-11D3-BF4B-00C04F79EFBC}") = "SanAntonioOnlineShop.Tests", "SanAntonioOnlineShop.Tests\SanAntonioOnlineShop.Tests.csproj", "{EAFD51D8-D877-4976-9867-E45F4D03BC17}"
EndProject
Global
	GlobalSection(SolutionConfigurationPlatforms) = preSolution
		Debug|Any CPU = Debug|Any CPU
		Release|Any CPU = Release|Any CPU
	EndGlobalSection
	GlobalSection(ProjectConfigurationPlatforms) = postSolution
		{275CA1E8-7C72-4911-9A4B-93E2DDB7EE0F}.Debug|Any CPU.ActiveCfg = Debug|Any CPU
		{275CA1E8-7C72-4911-9A4B-93E2DDB7EE0F}.Debug|Any CPU.Build.0 = Debug|Any CPU
		{275CA1E8-7C72-4911-9A4B-93E2DDB7EE0F}.Release|Any CPU.ActiveCfg = Release|Any CPU
		{275CA1E8-7C72-4911-9A4B-93E2DDB7EE0F}.Release|Any CPU.Build.0 = Release|Any CPU
		{EAFD51D8-D877-4976-9867-E45F4D03BC17}.Debug|Any CPU.ActiveCfg = Debug|Any CPU
		{EAFD51D8-D877-4976-9867-E45F4D03BC17}.Debug|Any CPU.Build.0 = Debug|Any CPU
		{EAFD51D8-D877-4976-9867-E45F4D03BC17}.Release|Any CPU.ActiveCfg = Release|Any CPU
		{EAFD51D8-D877-4976-9867-E45F4D03BC17}.Release|Any CPU.Build.0 = Release|Any CPU
	EndGlobalSection
	GlobalSection(SolutionProperties) = preSolution
		HideSolutionNode = FALSE
	EndGlobalSection
EndGlobal
